
Microsoft Visual Studio Solution File, Format Version 12.00
# Visual Studio Version 17
VisualStudioVersion = 17.0.31903.59
MinimumVisualStudioVersion = 10.0.40219.1
Project("{FAE04EC0-301F-11D3-BF4B-00C04F79EFBC}") = "VertexBPMN.Core", "VertexBPMN.Core\VertexBPMN.Core.csproj", "{D09C80EA-5D6E-4FF7-BB2C-261E59CB68D2}"
EndProject
Project("{FAE04EC0-301F-11D3-BF4B-00C04F79EFBC}") = "VertexBPMN.Api", "VertexBPMN.Api\VertexBPMN.Api.csproj", "{391D9A4D-95AC-4E76-9DEA-A057BE0A820A}"
EndProject
Project("{FAE04EC0-301F-11D3-BF4B-00C04F79EFBC}") = "VertexBPMN.Persistence", "VertexBPMN.Persistence\VertexBPMN.Persistence.csproj", "{4621E891-F9A7-4973-B283-DB3AD68F5507}"
EndProject
Project("{FAE04EC0-301F-11D3-BF4B-00C04F79EFBC}") = "VertexBPMN.Tests", "VertexBPMN.Tests\VertexBPMN.Tests.csproj", "{8B205B63-8E82-4C4E-8E70-D1900112792A}"
EndProject
Project("{FAE04EC0-301F-11D3-BF4B-00C04F79EFBC}") = "VertexBPMN.McpClient", "VertexBPMN.McpClient\VertexBPMN.McpClient.csproj", "{BD7A6527-6B99-4D26-B79D-B2170B4D439D}"
EndProject
Global
	GlobalSection(SolutionConfigurationPlatforms) = preSolution
		Debug|Any CPU = Debug|Any CPU
		Debug|x64 = Debug|x64
		Debug|x86 = Debug|x86
		Release|Any CPU = Release|Any CPU
		Release|x64 = Release|x64
		Release|x86 = Release|x86
	EndGlobalSection
	GlobalSection(ProjectConfigurationPlatforms) = postSolution
		{D09C80EA-5D6E-4FF7-BB2C-261E59CB68D2}.Debug|Any CPU.ActiveCfg = Debug|Any CPU
		{D09C80EA-5D6E-4FF7-BB2C-261E59CB68D2}.Debug|Any CPU.Build.0 = Debug|Any CPU
		{D09C80EA-5D6E-4FF7-BB2C-261E59CB68D2}.Debug|x64.ActiveCfg = Debug|Any CPU
		{D09C80EA-5D6E-4FF7-BB2C-261E59CB68D2}.Debug|x64.Build.0 = Debug|Any CPU
		{D09C80EA-5D6E-4FF7-BB2C-261E59CB68D2}.Debug|x86.ActiveCfg = Debug|Any CPU
		{D09C80EA-5D6E-4FF7-BB2C-261E59CB68D2}.Debug|x86.Build.0 = Debug|Any CPU
		{D09C80EA-5D6E-4FF7-BB2C-261E59CB68D2}.Release|Any CPU.ActiveCfg = Release|Any CPU
		{D09C80EA-5D6E-4FF7-BB2C-261E59CB68D2}.Release|Any CPU.Build.0 = Release|Any CPU
		{D09C80EA-5D6E-4FF7-BB2C-261E59CB68D2}.Release|x64.ActiveCfg = Release|Any CPU
		{D09C80EA-5D6E-4FF7-BB2C-261E59CB68D2}.Release|x64.Build.0 = Release|Any CPU
		{D09C80EA-5D6E-4FF7-BB2C-261E59CB68D2}.Release|x86.ActiveCfg = Release|Any CPU
		{D09C80EA-5D6E-4FF7-BB2C-261E59CB68D2}.Release|x86.Build.0 = Release|Any CPU
		{391D9A4D-95AC-4E76-9DEA-A057BE0A820A}.Debug|Any CPU.ActiveCfg = Debug|Any CPU
		{391D9A4D-95AC-4E76-9DEA-A057BE0A820A}.Debug|Any CPU.Build.0 = Debug|Any CPU
		{391D9A4D-95AC-4E76-9DEA-A057BE0A820A}.Debug|x64.ActiveCfg = Debug|Any CPU
		{391D9A4D-95AC-4E76-9DEA-A057BE0A820A}.Debug|x64.Build.0 = Debug|Any CPU
		{391D9A4D-95AC-4E76-9DEA-A057BE0A820A}.Debug|x86.ActiveCfg = Debug|Any CPU
		{391D9A4D-95AC-4E76-9DEA-A057BE0A820A}.Debug|x86.Build.0 = Debug|Any CPU
		{391D9A4D-95AC-4E76-9DEA-A057BE0A820A}.Release|Any CPU.ActiveCfg = Release|Any CPU
		{391D9A4D-95AC-4E76-9DEA-A057BE0A820A}.Release|Any CPU.Build.0 = Release|Any CPU
		{391D9A4D-95AC-4E76-9DEA-A057BE0A820A}.Release|x64.ActiveCfg = Release|Any CPU
		{391D9A4D-95AC-4E76-9DEA-A057BE0A820A}.Release|x64.Build.0 = Release|Any CPU
		{391D9A4D-95AC-4E76-9DEA-A057BE0A820A}.Release|x86.ActiveCfg = Release|Any CPU
		{391D9A4D-95AC-4E76-9DEA-A057BE0A820A}.Release|x86.Build.0 = Release|Any CPU
		{4621E891-F9A7-4973-B283-DB3AD68F5507}.Debug|Any CPU.ActiveCfg = Debug|Any CPU
		{4621E891-F9A7-4973-B283-DB3AD68F5507}.Debug|Any CPU.Build.0 = Debug|Any CPU
		{4621E891-F9A7-4973-B283-DB3AD68F5507}.Debug|x64.ActiveCfg = Debug|Any CPU
		{4621E891-F9A7-4973-B283-DB3AD68F5507}.Debug|x64.Build.0 = Debug|Any CPU
		{4621E891-F9A7-4973-B283-DB3AD68F5507}.Debug|x86.ActiveCfg = Debug|Any CPU
		{4621E891-F9A7-4973-B283-DB3AD68F5507}.Debug|x86.Build.0 = Debug|Any CPU
		{4621E891-F9A7-4973-B283-DB3AD68F5507}.Release|Any CPU.ActiveCfg = Release|Any CPU
		{4621E891-F9A7-4973-B283-DB3AD68F5507}.Release|Any CPU.Build.0 = Release|Any CPU
		{4621E891-F9A7-4973-B283-DB3AD68F5507}.Release|x64.ActiveCfg = Release|Any CPU
		{4621E891-F9A7-4973-B283-DB3AD68F5507}.Release|x64.Build.0 = Release|Any CPU
		{4621E891-F9A7-4973-B283-DB3AD68F5507}.Release|x86.ActiveCfg = Release|Any CPU
		{4621E891-F9A7-4973-B283-DB3AD68F5507}.Release|x86.Build.0 = Release|Any CPU
		{8B205B63-8E82-4C4E-8E70-D1900112792A}.Debug|Any CPU.ActiveCfg = Debug|Any CPU
		{8B205B63-8E82-4C4E-8E70-D1900112792A}.Debug|Any CPU.Build.0 = Debug|Any CPU
		{8B205B63-8E82-4C4E-8E70-D1900112792A}.Debug|x64.ActiveCfg = Debug|Any CPU
		{8B205B63-8E82-4C4E-8E70-D1900112792A}.Debug|x64.Build.0 = Debug|Any CPU
		{8B205B63-8E82-4C4E-8E70-D1900112792A}.Debug|x86.ActiveCfg = Debug|Any CPU
		{8B205B63-8E82-4C4E-8E70-D1900112792A}.Debug|x86.Build.0 = Debug|Any CPU
		{8B205B63-8E82-4C4E-8E70-D1900112792A}.Release|Any CPU.ActiveCfg = Release|Any CPU
		{8B205B63-8E82-4C4E-8E70-D1900112792A}.Release|Any CPU.Build.0 = Release|Any CPU
		{8B205B63-8E82-4C4E-8E70-D1900112792A}.Release|x64.ActiveCfg = Release|Any CPU
		{8B205B63-8E82-4C4E-8E70-D1900112792A}.Release|x64.Build.0 = Release|Any CPU
		{8B205B63-8E82-4C4E-8E70-D1900112792A}.Release|x86.ActiveCfg = Release|Any CPU
		{8B205B63-8E82-4C4E-8E70-D1900112792A}.Release|x86.Build.0 = Release|Any CPU
		{BD7A6527-6B99-4D26-B79D-B2170B4D439D}.Debug|Any CPU.ActiveCfg = Debug|Any CPU
		{BD7A6527-6B99-4D26-B79D-B2170B4D439D}.Debug|Any CPU.Build.0 = Debug|Any CPU
		{BD7A6527-6B99-4D26-B79D-B2170B4D439D}.Debug|x64.ActiveCfg = Debug|Any CPU
		{BD7A6527-6B99-4D26-B79D-B2170B4D439D}.Debug|x64.Build.0 = Debug|Any CPU
		{BD7A6527-6B99-4D26-B79D-B2170B4D439D}.Debug|x86.ActiveCfg = Debug|Any CPU
		{BD7A6527-6B99-4D26-B79D-B2170B4D439D}.Debug|x86.Build.0 = Debug|Any CPU
		{BD7A6527-6B99-4D26-B79D-B2170B4D439D}.Release|Any CPU.ActiveCfg = Release|Any CPU
		{BD7A6527-6B99-4D26-B79D-B2170B4D439D}.Release|Any CPU.Build.0 = Release|Any CPU
		{BD7A6527-6B99-4D26-B79D-B2170B4D439D}.Release|x64.ActiveCfg = Release|Any CPU
		{BD7A6527-6B99-4D26-B79D-B2170B4D439D}.Release|x64.Build.0 = Release|Any CPU
		{BD7A6527-6B99-4D26-B79D-B2170B4D439D}.Release|x86.ActiveCfg = Release|Any CPU
		{BD7A6527-6B99-4D26-B79D-B2170B4D439D}.Release|x86.Build.0 = Release|Any CPU
	EndGlobalSection
	GlobalSection(SolutionProperties) = preSolution
		HideSolutionNode = FALSE
	EndGlobalSection
EndGlobal
