
Microsoft Visual Studio Solution File, Format Version 12.00
# Visual Studio Version 17
VisualStudioVersion = 17.0.31903.59
MinimumVisualStudioVersion = 10.0.40219.1
Project("{FAE04EC0-301F-11D3-BF4B-00C04F79EFBC}") = "VertexBPMN.Domain", "src\VertexBPMN.Domain\VertexBPMN.Domain.csproj", "{B8CEE0DD-76DA-D783-366A-E616777848F0}"
EndProject
Project("{FAE04EC0-301F-11D3-BF4B-00C04F79EFBC}") = "VertexBPMN.Application", "src\VertexBPMN.Application\VertexBPMN.Application.csproj", "{B2971829-BD7C-37E3-35B4-F6D76CC11285}"
EndProject
Project("{FAE04EC0-301F-11D3-BF4B-00C04F79EFBC}") = "VertexBPMN.Engine", "src\VertexBPMN.Engine\VertexBPMN.Engine.csproj", "{2FF3C1D4-241E-C3DC-3759-DAB485414DF4}"
EndProject
Project("{FAE04EC0-301F-11D3-BF4B-00C04F79EFBC}") = "VertexBPMN.Infrastructure", "src\VertexBPMN.Infrastructure\VertexBPMN.Infrastructure.csproj", "{01E93DAA-018E-7FFF-AB74-4DA9576414D5}"
EndProject
Global
	GlobalSection(SolutionConfigurationPlatforms) = preSolution
		Debug|Any CPU = Debug|Any CPU
		Release|Any CPU = Release|Any CPU
	EndGlobalSection
	GlobalSection(ProjectConfigurationPlatforms) = postSolution
		{B8CEE0DD-76DA-D783-366A-E616777848F0}.Debug|Any CPU.ActiveCfg = Debug|Any CPU
		{B8CEE0DD-76DA-D783-366A-E616777848F0}.Debug|Any CPU.Build.0 = Debug|Any CPU
		{B8CEE0DD-76DA-D783-366A-E616777848F0}.Release|Any CPU.ActiveCfg = Release|Any CPU
		{B8CEE0DD-76DA-D783-366A-E616777848F0}.Release|Any CPU.Build.0 = Release|Any CPU
		{B2971829-BD7C-37E3-35B4-F6D76CC11285}.Debug|Any CPU.ActiveCfg = Debug|Any CPU
		{B2971829-BD7C-37E3-35B4-F6D76CC11285}.Debug|Any CPU.Build.0 = Debug|Any CPU
		{B2971829-BD7C-37E3-35B4-F6D76CC11285}.Release|Any CPU.ActiveCfg = Release|Any CPU
		{B2971829-BD7C-37E3-35B4-F6D76CC11285}.Release|Any CPU.Build.0 = Release|Any CPU
		{2FF3C1D4-241E-C3DC-3759-DAB485414DF4}.Debug|Any CPU.ActiveCfg = Debug|Any CPU
		{2FF3C1D4-241E-C3DC-3759-DAB485414DF4}.Debug|Any CPU.Build.0 = Debug|Any CPU
		{2FF3C1D4-241E-C3DC-3759-DAB485414DF4}.Release|Any CPU.ActiveCfg = Release|Any CPU
		{2FF3C1D4-241E-C3DC-3759-DAB485414DF4}.Release|Any CPU.Build.0 = Release|Any CPU
		{01E93DAA-018E-7FFF-AB74-4DA9576414D5}.Debug|Any CPU.ActiveCfg = Debug|Any CPU
		{01E93DAA-018E-7FFF-AB74-4DA9576414D5}.Debug|Any CPU.Build.0 = Debug|Any CPU
		{01E93DAA-018E-7FFF-AB74-4DA9576414D5}.Release|Any CPU.ActiveCfg = Release|Any CPU
		{01E93DAA-018E-7FFF-AB74-4DA9576414D5}.Release|Any CPU.Build.0 = Release|Any CPU
	EndGlobalSection
	GlobalSection(SolutionProperties) = preSolution
		HideSolutionNode = FALSE
	EndGlobalSection
	GlobalSection(ExtensibilityGlobals) = postSolution
		SolutionGuid = {A60A1F1A-65F9-446F-99F1-BE27DDB55AAC}
	EndGlobalSection
EndGlobal
